
Microsoft Visual Studio Solution File, Format Version 12.00
# Visual Studio Version 16
VisualStudioVersion = 16.0.30804.86
MinimumVisualStudioVersion = 10.0.40219.1
Project("{FAE04EC0-301F-11D3-BF4B-00C04F79EFBC}") = "TodoListMVC", "TodoListMVC\TodoListMVC.csproj", "{CAF06CBC-E00D-442B-B654-19DD4C4631F1}"
EndProject
Global
	GlobalSection(SolutionConfigurationPlatforms) = preSolution
		Debug|Any CPU = Debug|Any CPU
		Release|Any CPU = Release|Any CPU
	EndGlobalSection
	GlobalSection(ProjectConfigurationPlatforms) = postSolution
		{CAF06CBC-E00D-442B-B654-19DD4C4631F1}.Debug|Any CPU.ActiveCfg = Debug|Any CPU
		{CAF06CBC-E00D-442B-B654-19DD4C4631F1}.Debug|Any CPU.Build.0 = Debug|Any CPU
		{CAF06CBC-E00D-442B-B654-19DD4C4631F1}.Release|Any CPU.ActiveCfg = Release|Any CPU
		{CAF06CBC-E00D-442B-B654-19DD4C4631F1}.Release|Any CPU.Build.0 = Release|Any CPU
	EndGlobalSection
	GlobalSection(SolutionProperties) = preSolution
		HideSolutionNode = FALSE
	EndGlobalSection
	GlobalSection(ExtensibilityGlobals) = postSolution
		SolutionGuid = {65FC624F-9A95-4F5E-8942-D32E0395FA58}
	EndGlobalSection
EndGlobal
